// !$*UTF8*$!
{
	archiveVersion = 1;
	classes = {
	};
	objectVersion = 56;
	objects = {

/* Begin PBXBuildFile section */
		64B327D92AAF5E8000D64EFF /* TicketLion_AdminApp.swift in Sources */ = {isa = PBXBuildFile; fileRef = 64B327D82AAF5E8000D64EFF /* TicketLion_AdminApp.swift */; };
		64B327DB2AAF5E8000D64EFF /* MainView.swift in Sources */ = {isa = PBXBuildFile; fileRef = 64B327DA2AAF5E8000D64EFF /* MainView.swift */; };
		64B327DD2AAF5E8200D64EFF /* Assets.xcassets in Resources */ = {isa = PBXBuildFile; fileRef = 64B327DC2AAF5E8200D64EFF /* Assets.xcassets */; };
		64B327E02AAF5E8200D64EFF /* Preview Assets.xcassets in Resources */ = {isa = PBXBuildFile; fileRef = 64B327DF2AAF5E8200D64EFF /* Preview Assets.xcassets */; };
		64B3282D2AAF71BA00D64EFF /* Color+.swift in Sources */ = {isa = PBXBuildFile; fileRef = 64B3282C2AAF71BA00D64EFF /* Color+.swift */; };
		64B328322AAF766700D64EFF /* SeminarModel.swift in Sources */ = {isa = PBXBuildFile; fileRef = 64B328312AAF766700D64EFF /* SeminarModel.swift */; };
		64B328342AAF767900D64EFF /* UserModel.swift in Sources */ = {isa = PBXBuildFile; fileRef = 64B328332AAF767900D64EFF /* UserModel.swift */; };
		64B328362AAF768C00D64EFF /* ResearchModel.swift in Sources */ = {isa = PBXBuildFile; fileRef = 64B328352AAF768C00D64EFF /* ResearchModel.swift */; };
		64B3283A2AAF770200D64EFF /* SeminarStore.swift in Sources */ = {isa = PBXBuildFile; fileRef = 64B328392AAF770200D64EFF /* SeminarStore.swift */; };
		64B3283C2AAF772900D64EFF /* CategoryChipModel.swift in Sources */ = {isa = PBXBuildFile; fileRef = 64B3283B2AAF772900D64EFF /* CategoryChipModel.swift */; };
		64B3283F2AAF775900D64EFF /* MapMarkerDetailView.swift in Sources */ = {isa = PBXBuildFile; fileRef = 64B3283E2AAF775900D64EFF /* MapMarkerDetailView.swift */; };
		64B328412AAF777B00D64EFF /* SeminarAddView.swift in Sources */ = {isa = PBXBuildFile; fileRef = 64B328402AAF777B00D64EFF /* SeminarAddView.swift */; };
		64B328432AAF779300D64EFF /* SeminarMapView.swift in Sources */ = {isa = PBXBuildFile; fileRef = 64B328422AAF779300D64EFF /* SeminarMapView.swift */; };
		64B328452AAF77AB00D64EFF /* CategoryChipContainerView.swift in Sources */ = {isa = PBXBuildFile; fileRef = 64B328442AAF77AB00D64EFF /* CategoryChipContainerView.swift */; };
		64B328472AAF77E800D64EFF /* CategoryChipView.swift in Sources */ = {isa = PBXBuildFile; fileRef = 64B328462AAF77E800D64EFF /* CategoryChipView.swift */; };
		64B3284D2AAF786A00D64EFF /* SeminarDetailModel.swift in Sources */ = {isa = PBXBuildFile; fileRef = 64B3284C2AAF786A00D64EFF /* SeminarDetailModel.swift */; };
		64B3284F2AAF788200D64EFF /* SeminarDetailStore.swift in Sources */ = {isa = PBXBuildFile; fileRef = 64B3284E2AAF788200D64EFF /* SeminarDetailStore.swift */; };
		64B328512AAF789300D64EFF /* DetailSidebar.swift in Sources */ = {isa = PBXBuildFile; fileRef = 64B328502AAF789300D64EFF /* DetailSidebar.swift */; };
		64B328532AAF78A600D64EFF /* SeminarDetail.swift in Sources */ = {isa = PBXBuildFile; fileRef = 64B328522AAF78A600D64EFF /* SeminarDetail.swift */; };
		64B328552AAF78B700D64EFF /* SeminarDetailSidebar.swift in Sources */ = {isa = PBXBuildFile; fileRef = 64B328542AAF78B700D64EFF /* SeminarDetailSidebar.swift */; };
		64B328572AAF78CA00D64EFF /* SeminarSidebarCell.swift in Sources */ = {isa = PBXBuildFile; fileRef = 64B328562AAF78CA00D64EFF /* SeminarSidebarCell.swift */; };
		64B328592AAF78DB00D64EFF /* SeminarDetailInfo.swift in Sources */ = {isa = PBXBuildFile; fileRef = 64B328582AAF78DB00D64EFF /* SeminarDetailInfo.swift */; };
		64B3285B2AAF78EA00D64EFF /* SeminarDetailEditView.swift in Sources */ = {isa = PBXBuildFile; fileRef = 64B3285A2AAF78EA00D64EFF /* SeminarDetailEditView.swift */; };
		64B3285D2AAF790000D64EFF /* SeminarDetailMapView.swift in Sources */ = {isa = PBXBuildFile; fileRef = 64B3285C2AAF790000D64EFF /* SeminarDetailMapView.swift */; };
		64B3285F2AAF792800D64EFF /* SeminarMapMarker.swift in Sources */ = {isa = PBXBuildFile; fileRef = 64B3285E2AAF792800D64EFF /* SeminarMapMarker.swift */; };
		64B328632AAF798800D64EFF /* SeminarListStore.swift in Sources */ = {isa = PBXBuildFile; fileRef = 64B328622AAF798800D64EFF /* SeminarListStore.swift */; };
		64B328662AAF79A500D64EFF /* SeminarSideView.swift in Sources */ = {isa = PBXBuildFile; fileRef = 64B328652AAF79A500D64EFF /* SeminarSideView.swift */; };
		64B328682AAF79B700D64EFF /* ClosedListView.swift in Sources */ = {isa = PBXBuildFile; fileRef = 64B328672AAF79B700D64EFF /* ClosedListView.swift */; };
		64B3286A2AAF79C300D64EFF /* RecruitingListView.swift in Sources */ = {isa = PBXBuildFile; fileRef = 64B328692AAF79C300D64EFF /* RecruitingListView.swift */; };
		64B3286C2AAF79E600D64EFF /* WholeListView.swift in Sources */ = {isa = PBXBuildFile; fileRef = 64B3286B2AAF79E600D64EFF /* WholeListView.swift */; };
/* End PBXBuildFile section */

/* Begin PBXFileReference section */
		64B327D52AAF5E8000D64EFF /* TicketLion_Admin.app */ = {isa = PBXFileReference; explicitFileType = wrapper.application; includeInIndex = 0; path = TicketLion_Admin.app; sourceTree = BUILT_PRODUCTS_DIR; };
		64B327D82AAF5E8000D64EFF /* TicketLion_AdminApp.swift */ = {isa = PBXFileReference; lastKnownFileType = sourcecode.swift; path = TicketLion_AdminApp.swift; sourceTree = "<group>"; };
		64B327DA2AAF5E8000D64EFF /* MainView.swift */ = {isa = PBXFileReference; lastKnownFileType = sourcecode.swift; path = MainView.swift; sourceTree = "<group>"; };
		64B327DC2AAF5E8200D64EFF /* Assets.xcassets */ = {isa = PBXFileReference; lastKnownFileType = folder.assetcatalog; path = Assets.xcassets; sourceTree = "<group>"; };
		64B327DF2AAF5E8200D64EFF /* Preview Assets.xcassets */ = {isa = PBXFileReference; lastKnownFileType = folder.assetcatalog; path = "Preview Assets.xcassets"; sourceTree = "<group>"; };
		64B3282C2AAF71BA00D64EFF /* Color+.swift */ = {isa = PBXFileReference; lastKnownFileType = sourcecode.swift; path = "Color+.swift"; sourceTree = "<group>"; };
		64B328312AAF766700D64EFF /* SeminarModel.swift */ = {isa = PBXFileReference; lastKnownFileType = sourcecode.swift; path = SeminarModel.swift; sourceTree = "<group>"; };
		64B328332AAF767900D64EFF /* UserModel.swift */ = {isa = PBXFileReference; lastKnownFileType = sourcecode.swift; path = UserModel.swift; sourceTree = "<group>"; };
		64B328352AAF768C00D64EFF /* ResearchModel.swift */ = {isa = PBXFileReference; lastKnownFileType = sourcecode.swift; path = ResearchModel.swift; sourceTree = "<group>"; };
		64B328392AAF770200D64EFF /* SeminarStore.swift */ = {isa = PBXFileReference; lastKnownFileType = sourcecode.swift; path = SeminarStore.swift; sourceTree = "<group>"; };
		64B3283B2AAF772900D64EFF /* CategoryChipModel.swift */ = {isa = PBXFileReference; lastKnownFileType = sourcecode.swift; path = CategoryChipModel.swift; sourceTree = "<group>"; };
		64B3283E2AAF775900D64EFF /* MapMarkerDetailView.swift */ = {isa = PBXFileReference; lastKnownFileType = sourcecode.swift; path = MapMarkerDetailView.swift; sourceTree = "<group>"; };
		64B328402AAF777B00D64EFF /* SeminarAddView.swift */ = {isa = PBXFileReference; lastKnownFileType = sourcecode.swift; path = SeminarAddView.swift; sourceTree = "<group>"; };
		64B328422AAF779300D64EFF /* SeminarMapView.swift */ = {isa = PBXFileReference; lastKnownFileType = sourcecode.swift; path = SeminarMapView.swift; sourceTree = "<group>"; };
		64B328442AAF77AB00D64EFF /* CategoryChipContainerView.swift */ = {isa = PBXFileReference; lastKnownFileType = sourcecode.swift; path = CategoryChipContainerView.swift; sourceTree = "<group>"; };
		64B328462AAF77E800D64EFF /* CategoryChipView.swift */ = {isa = PBXFileReference; lastKnownFileType = sourcecode.swift; path = CategoryChipView.swift; sourceTree = "<group>"; };
		64B3284C2AAF786A00D64EFF /* SeminarDetailModel.swift */ = {isa = PBXFileReference; lastKnownFileType = sourcecode.swift; path = SeminarDetailModel.swift; sourceTree = "<group>"; };
		64B3284E2AAF788200D64EFF /* SeminarDetailStore.swift */ = {isa = PBXFileReference; lastKnownFileType = sourcecode.swift; path = SeminarDetailStore.swift; sourceTree = "<group>"; };
		64B328502AAF789300D64EFF /* DetailSidebar.swift */ = {isa = PBXFileReference; lastKnownFileType = sourcecode.swift; path = DetailSidebar.swift; sourceTree = "<group>"; };
		64B328522AAF78A600D64EFF /* SeminarDetail.swift */ = {isa = PBXFileReference; lastKnownFileType = sourcecode.swift; path = SeminarDetail.swift; sourceTree = "<group>"; };
		64B328542AAF78B700D64EFF /* SeminarDetailSidebar.swift */ = {isa = PBXFileReference; lastKnownFileType = sourcecode.swift; path = SeminarDetailSidebar.swift; sourceTree = "<group>"; };
		64B328562AAF78CA00D64EFF /* SeminarSidebarCell.swift */ = {isa = PBXFileReference; lastKnownFileType = sourcecode.swift; path = SeminarSidebarCell.swift; sourceTree = "<group>"; };
		64B328582AAF78DB00D64EFF /* SeminarDetailInfo.swift */ = {isa = PBXFileReference; lastKnownFileType = sourcecode.swift; path = SeminarDetailInfo.swift; sourceTree = "<group>"; };
		64B3285A2AAF78EA00D64EFF /* SeminarDetailEditView.swift */ = {isa = PBXFileReference; lastKnownFileType = sourcecode.swift; path = SeminarDetailEditView.swift; sourceTree = "<group>"; };
		64B3285C2AAF790000D64EFF /* SeminarDetailMapView.swift */ = {isa = PBXFileReference; lastKnownFileType = sourcecode.swift; path = SeminarDetailMapView.swift; sourceTree = "<group>"; };
		64B3285E2AAF792800D64EFF /* SeminarMapMarker.swift */ = {isa = PBXFileReference; lastKnownFileType = sourcecode.swift; path = SeminarMapMarker.swift; sourceTree = "<group>"; };
		64B328622AAF798800D64EFF /* SeminarListStore.swift */ = {isa = PBXFileReference; lastKnownFileType = sourcecode.swift; path = SeminarListStore.swift; sourceTree = "<group>"; };
		64B328652AAF79A500D64EFF /* SeminarSideView.swift */ = {isa = PBXFileReference; lastKnownFileType = sourcecode.swift; path = SeminarSideView.swift; sourceTree = "<group>"; };
		64B328672AAF79B700D64EFF /* ClosedListView.swift */ = {isa = PBXFileReference; lastKnownFileType = sourcecode.swift; path = ClosedListView.swift; sourceTree = "<group>"; };
		64B328692AAF79C300D64EFF /* RecruitingListView.swift */ = {isa = PBXFileReference; lastKnownFileType = sourcecode.swift; path = RecruitingListView.swift; sourceTree = "<group>"; };
		64B3286B2AAF79E600D64EFF /* WholeListView.swift */ = {isa = PBXFileReference; lastKnownFileType = sourcecode.swift; path = WholeListView.swift; sourceTree = "<group>"; };
/* End PBXFileReference section */

/* Begin PBXFrameworksBuildPhase section */
		64B327D22AAF5E8000D64EFF /* Frameworks */ = {
			isa = PBXFrameworksBuildPhase;
			buildActionMask = 2147483647;
			files = (
			);
			runOnlyForDeploymentPostprocessing = 0;
		};
/* End PBXFrameworksBuildPhase section */

/* Begin PBXGroup section */
		64B327CC2AAF5E8000D64EFF = {
			isa = PBXGroup;
			children = (
				64B327D72AAF5E8000D64EFF /* TicketLion_Admin */,
				64B327D62AAF5E8000D64EFF /* Products */,
			);
			sourceTree = "<group>";
		};
		64B327D62AAF5E8000D64EFF /* Products */ = {
			isa = PBXGroup;
			children = (
				64B327D52AAF5E8000D64EFF /* TicketLion_Admin.app */,
			);
			name = Products;
			sourceTree = "<group>";
		};
		64B327D72AAF5E8000D64EFF /* TicketLion_Admin */ = {
			isa = PBXGroup;
			children = (
				64B327D82AAF5E8000D64EFF /* TicketLion_AdminApp.swift */,
				64B3282B2AAF71A800D64EFF /* Extension */,
				64B3282E2AAF763600D64EFF /* Views */,
				64B327DC2AAF5E8200D64EFF /* Assets.xcassets */,
				64B327DE2AAF5E8200D64EFF /* Preview Content */,
			);
			path = TicketLion_Admin;
			sourceTree = "<group>";
		};
		64B327DE2AAF5E8200D64EFF /* Preview Content */ = {
			isa = PBXGroup;
			children = (
				64B327DF2AAF5E8200D64EFF /* Preview Assets.xcassets */,
			);
			path = "Preview Content";
			sourceTree = "<group>";
		};
		64B3282B2AAF71A800D64EFF /* Extension */ = {
			isa = PBXGroup;
			children = (
				64B3282C2AAF71BA00D64EFF /* Color+.swift */,
			);
			path = Extension;
			sourceTree = "<group>";
		};
		64B3282E2AAF763600D64EFF /* Views */ = {
			isa = PBXGroup;
			children = (
				64B3282F2AAF763F00D64EFF /* Main */,
				64B328372AAF76D200D64EFF /* Add */,
				64B328482AAF782300D64EFF /* Detail */,
				64B328602AAF795D00D64EFF /* SeminarList */,
			);
			path = Views;
			sourceTree = "<group>";
		};
		64B3282F2AAF763F00D64EFF /* Main */ = {
			isa = PBXGroup;
			children = (
				64B327DA2AAF5E8000D64EFF /* MainView.swift */,
				64B328302AAF765700D64EFF /* Model */,
			);
			path = Main;
			sourceTree = "<group>";
		};
		64B328302AAF765700D64EFF /* Model */ = {
			isa = PBXGroup;
			children = (
				64B328312AAF766700D64EFF /* SeminarModel.swift */,
				64B328332AAF767900D64EFF /* UserModel.swift */,
				64B328352AAF768C00D64EFF /* ResearchModel.swift */,
			);
			path = Model;
			sourceTree = "<group>";
		};
		64B328372AAF76D200D64EFF /* Add */ = {
			isa = PBXGroup;
			children = (
				64B328382AAF76EE00D64EFF /* Model */,
				64B3283D2AAF773900D64EFF /* View */,
			);
			path = Add;
			sourceTree = "<group>";
		};
		64B328382AAF76EE00D64EFF /* Model */ = {
			isa = PBXGroup;
			children = (
				64B328392AAF770200D64EFF /* SeminarStore.swift */,
				64B3283B2AAF772900D64EFF /* CategoryChipModel.swift */,
			);
			path = Model;
			sourceTree = "<group>";
		};
		64B3283D2AAF773900D64EFF /* View */ = {
			isa = PBXGroup;
			children = (
				64B3283E2AAF775900D64EFF /* MapMarkerDetailView.swift */,
				64B328402AAF777B00D64EFF /* SeminarAddView.swift */,
				64B328422AAF779300D64EFF /* SeminarMapView.swift */,
				64B328442AAF77AB00D64EFF /* CategoryChipContainerView.swift */,
				64B328462AAF77E800D64EFF /* CategoryChipView.swift */,
			);
			path = View;
			sourceTree = "<group>";
		};
		64B328482AAF782300D64EFF /* Detail */ = {
			isa = PBXGroup;
			children = (
				64B328492AAF783800D64EFF /* Model */,
				64B3284A2AAF783F00D64EFF /* ViewModel */,
				64B3284B2AAF784900D64EFF /* Views */,
			);
			path = Detail;
			sourceTree = "<group>";
		};
		64B328492AAF783800D64EFF /* Model */ = {
			isa = PBXGroup;
			children = (
				64B3284C2AAF786A00D64EFF /* SeminarDetailModel.swift */,
			);
			path = Model;
			sourceTree = "<group>";
		};
		64B3284A2AAF783F00D64EFF /* ViewModel */ = {
			isa = PBXGroup;
			children = (
				64B3284E2AAF788200D64EFF /* SeminarDetailStore.swift */,
				64B328502AAF789300D64EFF /* DetailSidebar.swift */,
			);
			path = ViewModel;
			sourceTree = "<group>";
		};
		64B3284B2AAF784900D64EFF /* Views */ = {
			isa = PBXGroup;
			children = (
				64B328522AAF78A600D64EFF /* SeminarDetail.swift */,
				64B328542AAF78B700D64EFF /* SeminarDetailSidebar.swift */,
				64B328562AAF78CA00D64EFF /* SeminarSidebarCell.swift */,
				64B328582AAF78DB00D64EFF /* SeminarDetailInfo.swift */,
				64B3285A2AAF78EA00D64EFF /* SeminarDetailEditView.swift */,
				64B3285C2AAF790000D64EFF /* SeminarDetailMapView.swift */,
				64B3285E2AAF792800D64EFF /* SeminarMapMarker.swift */,
			);
			path = Views;
			sourceTree = "<group>";
		};
		64B328602AAF795D00D64EFF /* SeminarList */ = {
			isa = PBXGroup;
			children = (
				64B328612AAF797900D64EFF /* ViewModels */,
				64B328642AAF799200D64EFF /* Views */,
			);
			path = SeminarList;
			sourceTree = "<group>";
		};
		64B328612AAF797900D64EFF /* ViewModels */ = {
			isa = PBXGroup;
			children = (
				64B328622AAF798800D64EFF /* SeminarListStore.swift */,
			);
			path = ViewModels;
			sourceTree = "<group>";
		};
		64B328642AAF799200D64EFF /* Views */ = {
			isa = PBXGroup;
			children = (
				64B328652AAF79A500D64EFF /* SeminarSideView.swift */,
				64B328672AAF79B700D64EFF /* ClosedListView.swift */,
				64B328692AAF79C300D64EFF /* RecruitingListView.swift */,
				64B3286B2AAF79E600D64EFF /* WholeListView.swift */,
			);
			path = Views;
			sourceTree = "<group>";
		};
/* End PBXGroup section */

/* Begin PBXNativeTarget section */
		64B327D42AAF5E8000D64EFF /* TicketLion_Admin */ = {
			isa = PBXNativeTarget;
			buildConfigurationList = 64B327E32AAF5E8200D64EFF /* Build configuration list for PBXNativeTarget "TicketLion_Admin" */;
			buildPhases = (
				64B327D12AAF5E8000D64EFF /* Sources */,
				64B327D22AAF5E8000D64EFF /* Frameworks */,
				64B327D32AAF5E8000D64EFF /* Resources */,
			);
			buildRules = (
			);
			dependencies = (
			);
			name = TicketLion_Admin;
			productName = TicketLion_Admin;
			productReference = 64B327D52AAF5E8000D64EFF /* TicketLion_Admin.app */;
			productType = "com.apple.product-type.application";
		};
/* End PBXNativeTarget section */

/* Begin PBXProject section */
		64B327CD2AAF5E8000D64EFF /* Project object */ = {
			isa = PBXProject;
			attributes = {
				BuildIndependentTargetsInParallel = 1;
				LastSwiftUpdateCheck = 1430;
				LastUpgradeCheck = 1430;
				TargetAttributes = {
					64B327D42AAF5E8000D64EFF = {
						CreatedOnToolsVersion = 14.3.1;
					};
				};
			};
			buildConfigurationList = 64B327D02AAF5E8000D64EFF /* Build configuration list for PBXProject "TicketLion_Admin" */;
			compatibilityVersion = "Xcode 14.0";
			developmentRegion = en;
			hasScannedForEncodings = 0;
			knownRegions = (
				en,
				Base,
			);
			mainGroup = 64B327CC2AAF5E8000D64EFF;
			productRefGroup = 64B327D62AAF5E8000D64EFF /* Products */;
			projectDirPath = "";
			projectRoot = "";
			targets = (
				64B327D42AAF5E8000D64EFF /* TicketLion_Admin */,
			);
		};
/* End PBXProject section */

/* Begin PBXResourcesBuildPhase section */
		64B327D32AAF5E8000D64EFF /* Resources */ = {
			isa = PBXResourcesBuildPhase;
			buildActionMask = 2147483647;
			files = (
				64B327E02AAF5E8200D64EFF /* Preview Assets.xcassets in Resources */,
				64B327DD2AAF5E8200D64EFF /* Assets.xcassets in Resources */,
			);
			runOnlyForDeploymentPostprocessing = 0;
		};
/* End PBXResourcesBuildPhase section */

/* Begin PBXSourcesBuildPhase section */
		64B327D12AAF5E8000D64EFF /* Sources */ = {
			isa = PBXSourcesBuildPhase;
			buildActionMask = 2147483647;
			files = (
				64B328412AAF777B00D64EFF /* SeminarAddView.swift in Sources */,
				64B327DB2AAF5E8000D64EFF /* MainView.swift in Sources */,
				64B3283F2AAF775900D64EFF /* MapMarkerDetailView.swift in Sources */,
				64B328552AAF78B700D64EFF /* SeminarDetailSidebar.swift in Sources */,
				64B3285D2AAF790000D64EFF /* SeminarDetailMapView.swift in Sources */,
				64B328592AAF78DB00D64EFF /* SeminarDetailInfo.swift in Sources */,
				64B328322AAF766700D64EFF /* SeminarModel.swift in Sources */,
				64B3284F2AAF788200D64EFF /* SeminarDetailStore.swift in Sources */,
				64B3285B2AAF78EA00D64EFF /* SeminarDetailEditView.swift in Sources */,
				64B3284D2AAF786A00D64EFF /* SeminarDetailModel.swift in Sources */,
				64B3283A2AAF770200D64EFF /* SeminarStore.swift in Sources */,
				64B3286A2AAF79C300D64EFF /* RecruitingListView.swift in Sources */,
				64B3285F2AAF792800D64EFF /* SeminarMapMarker.swift in Sources */,
				64B328662AAF79A500D64EFF /* SeminarSideView.swift in Sources */,
				64B328362AAF768C00D64EFF /* ResearchModel.swift in Sources */,
				64B328452AAF77AB00D64EFF /* CategoryChipContainerView.swift in Sources */,
				64B3286C2AAF79E600D64EFF /* WholeListView.swift in Sources */,
				64B328432AAF779300D64EFF /* SeminarMapView.swift in Sources */,
				64B328532AAF78A600D64EFF /* SeminarDetail.swift in Sources */,
				64B3282D2AAF71BA00D64EFF /* Color+.swift in Sources */,
				64B328632AAF798800D64EFF /* SeminarListStore.swift in Sources */,
				64B328572AAF78CA00D64EFF /* SeminarSidebarCell.swift in Sources */,
				64B328512AAF789300D64EFF /* DetailSidebar.swift in Sources */,
				64B328472AAF77E800D64EFF /* CategoryChipView.swift in Sources */,
				64B3283C2AAF772900D64EFF /* CategoryChipModel.swift in Sources */,
				64B328342AAF767900D64EFF /* UserModel.swift in Sources */,
				64B328682AAF79B700D64EFF /* ClosedListView.swift in Sources */,
				64B327D92AAF5E8000D64EFF /* TicketLion_AdminApp.swift in Sources */,
			);
			runOnlyForDeploymentPostprocessing = 0;
		};
/* End PBXSourcesBuildPhase section */

/* Begin XCBuildConfiguration section */
		64B327E12AAF5E8200D64EFF /* Debug */ = {
			isa = XCBuildConfiguration;
			buildSettings = {
				ALWAYS_SEARCH_USER_PATHS = NO;
				CLANG_ANALYZER_NONNULL = YES;
				CLANG_ANALYZER_NUMBER_OBJECT_CONVERSION = YES_AGGRESSIVE;
				CLANG_CXX_LANGUAGE_STANDARD = "gnu++20";
				CLANG_ENABLE_MODULES = YES;
				CLANG_ENABLE_OBJC_ARC = YES;
				CLANG_ENABLE_OBJC_WEAK = YES;
				CLANG_WARN_BLOCK_CAPTURE_AUTORELEASING = YES;
				CLANG_WARN_BOOL_CONVERSION = YES;
				CLANG_WARN_COMMA = YES;
				CLANG_WARN_CONSTANT_CONVERSION = YES;
				CLANG_WARN_DEPRECATED_OBJC_IMPLEMENTATIONS = YES;
				CLANG_WARN_DIRECT_OBJC_ISA_USAGE = YES_ERROR;
				CLANG_WARN_DOCUMENTATION_COMMENTS = YES;
				CLANG_WARN_EMPTY_BODY = YES;
				CLANG_WARN_ENUM_CONVERSION = YES;
				CLANG_WARN_INFINITE_RECURSION = YES;
				CLANG_WARN_INT_CONVERSION = YES;
				CLANG_WARN_NON_LITERAL_NULL_CONVERSION = YES;
				CLANG_WARN_OBJC_IMPLICIT_RETAIN_SELF = YES;
				CLANG_WARN_OBJC_LITERAL_CONVERSION = YES;
				CLANG_WARN_OBJC_ROOT_CLASS = YES_ERROR;
				CLANG_WARN_QUOTED_INCLUDE_IN_FRAMEWORK_HEADER = YES;
				CLANG_WARN_RANGE_LOOP_ANALYSIS = YES;
				CLANG_WARN_STRICT_PROTOTYPES = YES;
				CLANG_WARN_SUSPICIOUS_MOVE = YES;
				CLANG_WARN_UNGUARDED_AVAILABILITY = YES_AGGRESSIVE;
				CLANG_WARN_UNREACHABLE_CODE = YES;
				CLANG_WARN__DUPLICATE_METHOD_MATCH = YES;
				COPY_PHASE_STRIP = NO;
				DEBUG_INFORMATION_FORMAT = dwarf;
				ENABLE_STRICT_OBJC_MSGSEND = YES;
				ENABLE_TESTABILITY = YES;
				GCC_C_LANGUAGE_STANDARD = gnu11;
				GCC_DYNAMIC_NO_PIC = NO;
				GCC_NO_COMMON_BLOCKS = YES;
				GCC_OPTIMIZATION_LEVEL = 0;
				GCC_PREPROCESSOR_DEFINITIONS = (
					"DEBUG=1",
					"$(inherited)",
				);
				GCC_WARN_64_TO_32_BIT_CONVERSION = YES;
				GCC_WARN_ABOUT_RETURN_TYPE = YES_ERROR;
				GCC_WARN_UNDECLARED_SELECTOR = YES;
				GCC_WARN_UNINITIALIZED_AUTOS = YES_AGGRESSIVE;
				GCC_WARN_UNUSED_FUNCTION = YES;
				GCC_WARN_UNUSED_VARIABLE = YES;
				IPHONEOS_DEPLOYMENT_TARGET = 16.4;
				MTL_ENABLE_DEBUG_INFO = INCLUDE_SOURCE;
				MTL_FAST_MATH = YES;
				ONLY_ACTIVE_ARCH = YES;
				SDKROOT = iphoneos;
				SWIFT_ACTIVE_COMPILATION_CONDITIONS = DEBUG;
				SWIFT_OPTIMIZATION_LEVEL = "-Onone";
			};
			name = Debug;
		};
		64B327E22AAF5E8200D64EFF /* Release */ = {
			isa = XCBuildConfiguration;
			buildSettings = {
				ALWAYS_SEARCH_USER_PATHS = NO;
				CLANG_ANALYZER_NONNULL = YES;
				CLANG_ANALYZER_NUMBER_OBJECT_CONVERSION = YES_AGGRESSIVE;
				CLANG_CXX_LANGUAGE_STANDARD = "gnu++20";
				CLANG_ENABLE_MODULES = YES;
				CLANG_ENABLE_OBJC_ARC = YES;
				CLANG_ENABLE_OBJC_WEAK = YES;
				CLANG_WARN_BLOCK_CAPTURE_AUTORELEASING = YES;
				CLANG_WARN_BOOL_CONVERSION = YES;
				CLANG_WARN_COMMA = YES;
				CLANG_WARN_CONSTANT_CONVERSION = YES;
				CLANG_WARN_DEPRECATED_OBJC_IMPLEMENTATIONS = YES;
				CLANG_WARN_DIRECT_OBJC_ISA_USAGE = YES_ERROR;
				CLANG_WARN_DOCUMENTATION_COMMENTS = YES;
				CLANG_WARN_EMPTY_BODY = YES;
				CLANG_WARN_ENUM_CONVERSION = YES;
				CLANG_WARN_INFINITE_RECURSION = YES;
				CLANG_WARN_INT_CONVERSION = YES;
				CLANG_WARN_NON_LITERAL_NULL_CONVERSION = YES;
				CLANG_WARN_OBJC_IMPLICIT_RETAIN_SELF = YES;
				CLANG_WARN_OBJC_LITERAL_CONVERSION = YES;
				CLANG_WARN_OBJC_ROOT_CLASS = YES_ERROR;
				CLANG_WARN_QUOTED_INCLUDE_IN_FRAMEWORK_HEADER = YES;
				CLANG_WARN_RANGE_LOOP_ANALYSIS = YES;
				CLANG_WARN_STRICT_PROTOTYPES = YES;
				CLANG_WARN_SUSPICIOUS_MOVE = YES;
				CLANG_WARN_UNGUARDED_AVAILABILITY = YES_AGGRESSIVE;
				CLANG_WARN_UNREACHABLE_CODE = YES;
				CLANG_WARN__DUPLICATE_METHOD_MATCH = YES;
				COPY_PHASE_STRIP = NO;
				DEBUG_INFORMATION_FORMAT = "dwarf-with-dsym";
				ENABLE_NS_ASSERTIONS = NO;
				ENABLE_STRICT_OBJC_MSGSEND = YES;
				GCC_C_LANGUAGE_STANDARD = gnu11;
				GCC_NO_COMMON_BLOCKS = YES;
				GCC_WARN_64_TO_32_BIT_CONVERSION = YES;
				GCC_WARN_ABOUT_RETURN_TYPE = YES_ERROR;
				GCC_WARN_UNDECLARED_SELECTOR = YES;
				GCC_WARN_UNINITIALIZED_AUTOS = YES_AGGRESSIVE;
				GCC_WARN_UNUSED_FUNCTION = YES;
				GCC_WARN_UNUSED_VARIABLE = YES;
				IPHONEOS_DEPLOYMENT_TARGET = 16.4;
				MTL_ENABLE_DEBUG_INFO = NO;
				MTL_FAST_MATH = YES;
				SDKROOT = iphoneos;
				SWIFT_COMPILATION_MODE = wholemodule;
				SWIFT_OPTIMIZATION_LEVEL = "-O";
				VALIDATE_PRODUCT = YES;
			};
			name = Release;
		};
		64B327E42AAF5E8200D64EFF /* Debug */ = {
			isa = XCBuildConfiguration;
			buildSettings = {
				ASSETCATALOG_COMPILER_APPICON_NAME = AppIcon;
				ASSETCATALOG_COMPILER_GLOBAL_ACCENT_COLOR_NAME = AccentColor;
				CODE_SIGN_STYLE = Automatic;
				CURRENT_PROJECT_VERSION = 1;
				DEVELOPMENT_ASSET_PATHS = "\"TicketLion_Admin/Preview Content\"";
				ENABLE_PREVIEWS = YES;
				GENERATE_INFOPLIST_FILE = YES;
				INFOPLIST_KEY_UIApplicationSceneManifest_Generation = YES;
				INFOPLIST_KEY_UIApplicationSupportsIndirectInputEvents = YES;
				INFOPLIST_KEY_UILaunchScreen_Generation = YES;
				INFOPLIST_KEY_UISupportedInterfaceOrientations_iPad = "UIInterfaceOrientationPortrait UIInterfaceOrientationPortraitUpsideDown UIInterfaceOrientationLandscapeLeft UIInterfaceOrientationLandscapeRight";
				INFOPLIST_KEY_UISupportedInterfaceOrientations_iPhone = "UIInterfaceOrientationPortrait UIInterfaceOrientationLandscapeLeft UIInterfaceOrientationLandscapeRight";
				LD_RUNPATH_SEARCH_PATHS = (
					"$(inherited)",
					"@executable_path/Frameworks",
				);
				MARKETING_VERSION = 1.0;
				PRODUCT_BUNDLE_IDENTIFIER = "Chan.TicketLion-Admin";
				PRODUCT_NAME = "$(TARGET_NAME)";
				SUPPORTED_PLATFORMS = "iphoneos iphonesimulator";
				SUPPORTS_MACCATALYST = NO;
				SUPPORTS_MAC_DESIGNED_FOR_IPHONE_IPAD = NO;
				SWIFT_EMIT_LOC_STRINGS = YES;
				SWIFT_VERSION = 5.0;
				TARGETED_DEVICE_FAMILY = 2;
			};
			name = Debug;
		};
		64B327E52AAF5E8200D64EFF /* Release */ = {
			isa = XCBuildConfiguration;
			buildSettings = {
				ASSETCATALOG_COMPILER_APPICON_NAME = AppIcon;
				ASSETCATALOG_COMPILER_GLOBAL_ACCENT_COLOR_NAME = AccentColor;
				CODE_SIGN_STYLE = Automatic;
				CURRENT_PROJECT_VERSION = 1;
				DEVELOPMENT_ASSET_PATHS = "\"TicketLion_Admin/Preview Content\"";
				ENABLE_PREVIEWS = YES;
				GENERATE_INFOPLIST_FILE = YES;
				INFOPLIST_KEY_UIApplicationSceneManifest_Generation = YES;
				INFOPLIST_KEY_UIApplicationSupportsIndirectInputEvents = YES;
				INFOPLIST_KEY_UILaunchScreen_Generation = YES;
				INFOPLIST_KEY_UISupportedInterfaceOrientations_iPad = "UIInterfaceOrientationPortrait UIInterfaceOrientationPortraitUpsideDown UIInterfaceOrientationLandscapeLeft UIInterfaceOrientationLandscapeRight";
				INFOPLIST_KEY_UISupportedInterfaceOrientations_iPhone = "UIInterfaceOrientationPortrait UIInterfaceOrientationLandscapeLeft UIInterfaceOrientationLandscapeRight";
				LD_RUNPATH_SEARCH_PATHS = (
					"$(inherited)",
					"@executable_path/Frameworks",
				);
				MARKETING_VERSION = 1.0;
				PRODUCT_BUNDLE_IDENTIFIER = "Chan.TicketLion-Admin";
				PRODUCT_NAME = "$(TARGET_NAME)";
				SUPPORTED_PLATFORMS = "iphoneos iphonesimulator";
				SUPPORTS_MACCATALYST = NO;
				SUPPORTS_MAC_DESIGNED_FOR_IPHONE_IPAD = NO;
				SWIFT_EMIT_LOC_STRINGS = YES;
				SWIFT_VERSION = 5.0;
				TARGETED_DEVICE_FAMILY = 2;
			};
			name = Release;
		};
/* End XCBuildConfiguration section */

/* Begin XCConfigurationList section */
		64B327D02AAF5E8000D64EFF /* Build configuration list for PBXProject "TicketLion_Admin" */ = {
			isa = XCConfigurationList;
			buildConfigurations = (
				64B327E12AAF5E8200D64EFF /* Debug */,
				64B327E22AAF5E8200D64EFF /* Release */,
			);
			defaultConfigurationIsVisible = 0;
			defaultConfigurationName = Release;
		};
		64B327E32AAF5E8200D64EFF /* Build configuration list for PBXNativeTarget "TicketLion_Admin" */ = {
			isa = XCConfigurationList;
			buildConfigurations = (
				64B327E42AAF5E8200D64EFF /* Debug */,
				64B327E52AAF5E8200D64EFF /* Release */,
			);
			defaultConfigurationIsVisible = 0;
			defaultConfigurationName = Release;
		};
/* End XCConfigurationList section */
	};
	rootObject = 64B327CD2AAF5E8000D64EFF /* Project object */;
}
