// !$*UTF8*$!
{
	archiveVersion = 1;
	classes = {
	};
	objectVersion = 56;
	objects = {

/* Begin PBXBuildFile section */
		08C7AD392AAFF53D00B6C19E /* SeminarStore.swift in Sources */ = {isa = PBXBuildFile; fileRef = 08C7AD382AAFF53D00B6C19E /* SeminarStore.swift */; };
		09EA3D8D2AAFEAB70057F805 /* UserStore.swift in Sources */ = {isa = PBXBuildFile; fileRef = 09EA3D8C2AAFEAB70057F805 /* UserStore.swift */; };
		632D2A702AAFFDF5003F2D1C /* NotificationSettingsView.swift in Sources */ = {isa = PBXBuildFile; fileRef = 632D2A6F2AAFFDF5003F2D1C /* NotificationSettingsView.swift */; };
		646BA2712AAFE3B600C1FC69 /* FirebaseAuth in Frameworks */ = {isa = PBXBuildFile; productRef = 646BA2702AAFE3B600C1FC69 /* FirebaseAuth */; };
		646BA2732AAFE3B600C1FC69 /* FirebaseAuthCombine-Community in Frameworks */ = {isa = PBXBuildFile; productRef = 646BA2722AAFE3B600C1FC69 /* FirebaseAuthCombine-Community */; };
		646BA2752AAFE3B600C1FC69 /* FirebaseDatabase in Frameworks */ = {isa = PBXBuildFile; productRef = 646BA2742AAFE3B600C1FC69 /* FirebaseDatabase */; };
		646BA2772AAFE3B600C1FC69 /* FirebaseDatabaseSwift in Frameworks */ = {isa = PBXBuildFile; productRef = 646BA2762AAFE3B600C1FC69 /* FirebaseDatabaseSwift */; };
		646BA2792AAFE3B600C1FC69 /* FirebaseFirestore in Frameworks */ = {isa = PBXBuildFile; productRef = 646BA2782AAFE3B600C1FC69 /* FirebaseFirestore */; };
		646BA27B2AAFE3B600C1FC69 /* FirebaseFirestoreCombine-Community in Frameworks */ = {isa = PBXBuildFile; productRef = 646BA27A2AAFE3B600C1FC69 /* FirebaseFirestoreCombine-Community */; };
		646BA27D2AAFE3B600C1FC69 /* FirebaseFirestoreSwift in Frameworks */ = {isa = PBXBuildFile; productRef = 646BA27C2AAFE3B600C1FC69 /* FirebaseFirestoreSwift */; };
		646BA27F2AAFE3B600C1FC69 /* FirebaseStorage in Frameworks */ = {isa = PBXBuildFile; productRef = 646BA27E2AAFE3B600C1FC69 /* FirebaseStorage */; };
		646BA2812AAFE3B600C1FC69 /* FirebaseStorageCombine-Community in Frameworks */ = {isa = PBXBuildFile; productRef = 646BA2802AAFE3B600C1FC69 /* FirebaseStorageCombine-Community */; };
		646BA2842AAFE47D00C1FC69 /* SimpleToast in Frameworks */ = {isa = PBXBuildFile; productRef = 646BA2832AAFE47D00C1FC69 /* SimpleToast */; };
		64B327A52AAF5CEE00D64EFF /* TicketLion_ConsumerApp.swift in Sources */ = {isa = PBXBuildFile; fileRef = 64B327A42AAF5CEE00D64EFF /* TicketLion_ConsumerApp.swift */; };
		64B327A72AAF5CEE00D64EFF /* MainTabView.swift in Sources */ = {isa = PBXBuildFile; fileRef = 64B327A62AAF5CEE00D64EFF /* MainTabView.swift */; };
		64B327A92AAF5CF000D64EFF /* Assets.xcassets in Resources */ = {isa = PBXBuildFile; fileRef = 64B327A82AAF5CF000D64EFF /* Assets.xcassets */; };
		64B327AC2AAF5CF000D64EFF /* Preview Assets.xcassets in Resources */ = {isa = PBXBuildFile; fileRef = 64B327AB2AAF5CF000D64EFF /* Preview Assets.xcassets */; };
		64B327EB2AAF6B6B00D64EFF /* SeminarModel.swift in Sources */ = {isa = PBXBuildFile; fileRef = 64B327EA2AAF6B6B00D64EFF /* SeminarModel.swift */; };
		64B327ED2AAF6B7E00D64EFF /* UserModel.swift in Sources */ = {isa = PBXBuildFile; fileRef = 64B327EC2AAF6B7E00D64EFF /* UserModel.swift */; };
		64B327EF2AAF6BAF00D64EFF /* ResearchModel.swift in Sources */ = {isa = PBXBuildFile; fileRef = 64B327EE2AAF6BAF00D64EFF /* ResearchModel.swift */; };
		64B327F12AAF6BC300D64EFF /* DevModel.swift in Sources */ = {isa = PBXBuildFile; fileRef = 64B327F02AAF6BC300D64EFF /* DevModel.swift */; };
		64B327F32AAF6BDC00D64EFF /* DevStore.swift in Sources */ = {isa = PBXBuildFile; fileRef = 64B327F22AAF6BDC00D64EFF /* DevStore.swift */; };
		64B327F52AAF6C4A00D64EFF /* SeminarListView.swift in Sources */ = {isa = PBXBuildFile; fileRef = 64B327F42AAF6C4A00D64EFF /* SeminarListView.swift */; };
		64B327F72AAF6C8500D64EFF /* SeminarEnum.swift in Sources */ = {isa = PBXBuildFile; fileRef = 64B327F62AAF6C8500D64EFF /* SeminarEnum.swift */; };
		64B327F92AAF6CA400D64EFF /* SeminarDetailView.swift in Sources */ = {isa = PBXBuildFile; fileRef = 64B327F82AAF6CA400D64EFF /* SeminarDetailView.swift */; };
		64B327FB2AAF6CC900D64EFF /* SeminarAttendView.swift in Sources */ = {isa = PBXBuildFile; fileRef = 64B327FA2AAF6CC900D64EFF /* SeminarAttendView.swift */; };
		64B327FD2AAF6CE400D64EFF /* SeminarAttendPlusView.swift in Sources */ = {isa = PBXBuildFile; fileRef = 64B327FC2AAF6CE400D64EFF /* SeminarAttendPlusView.swift */; };
		64B328012AAF6D3C00D64EFF /* MySeminarView.swift in Sources */ = {isa = PBXBuildFile; fileRef = 64B328002AAF6D3C00D64EFF /* MySeminarView.swift */; };
		64B328032AAF6D5800D64EFF /* MyReservationView.swift in Sources */ = {isa = PBXBuildFile; fileRef = 64B328022AAF6D5800D64EFF /* MyReservationView.swift */; };
		64B328052AAF6D7E00D64EFF /* MyFavoriteView.swift in Sources */ = {isa = PBXBuildFile; fileRef = 64B328042AAF6D7E00D64EFF /* MyFavoriteView.swift */; };
		64B328072AAF6D9B00D64EFF /* MyTicketSheetView.swift in Sources */ = {isa = PBXBuildFile; fileRef = 64B328062AAF6D9B00D64EFF /* MyTicketSheetView.swift */; };
		64B328092AAF6DB100D64EFF /* MyFilterBar.swift in Sources */ = {isa = PBXBuildFile; fileRef = 64B328082AAF6DB100D64EFF /* MyFilterBar.swift */; };
		64B3280B2AAF6DC900D64EFF /* MySeminarStore.swift in Sources */ = {isa = PBXBuildFile; fileRef = 64B3280A2AAF6DC900D64EFF /* MySeminarStore.swift */; };
		64B3280D2AAF6DE000D64EFF /* MyCategoryButton.swift in Sources */ = {isa = PBXBuildFile; fileRef = 64B3280C2AAF6DE000D64EFF /* MyCategoryButton.swift */; };
		64B328102AAF6E5300D64EFF /* SettingSignUpEmailView.swift in Sources */ = {isa = PBXBuildFile; fileRef = 64B3280F2AAF6E5300D64EFF /* SettingSignUpEmailView.swift */; };
		64B328122AAF6E6500D64EFF /* SettingSignUpPasswordView.swift in Sources */ = {isa = PBXBuildFile; fileRef = 64B328112AAF6E6500D64EFF /* SettingSignUpPasswordView.swift */; };
		64B328142AAF6E7400D64EFF /* SettingSignUpNameView.swift in Sources */ = {isa = PBXBuildFile; fileRef = 64B328132AAF6E7400D64EFF /* SettingSignUpNameView.swift */; };
		64B328162AAF6E9C00D64EFF /* SettingSignUpPhoneNumberView.swift in Sources */ = {isa = PBXBuildFile; fileRef = 64B328152AAF6E9C00D64EFF /* SettingSignUpPhoneNumberView.swift */; };
		64B328182AAF6EB000D64EFF /* SettingSignUpBirthView.swift in Sources */ = {isa = PBXBuildFile; fileRef = 64B328172AAF6EB000D64EFF /* SettingSignUpBirthView.swift */; };
		64B3281A2AAF6EC000D64EFF /* SettingSignUpCompleteView.swift in Sources */ = {isa = PBXBuildFile; fileRef = 64B328192AAF6EC000D64EFF /* SettingSignUpCompleteView.swift */; };
		64B3281C2AAF6ED600D64EFF /* SettingView.swift in Sources */ = {isa = PBXBuildFile; fileRef = 64B3281B2AAF6ED600D64EFF /* SettingView.swift */; };
		64B3281E2AAF6EEC00D64EFF /* SettingLoginView.swift in Sources */ = {isa = PBXBuildFile; fileRef = 64B3281D2AAF6EEC00D64EFF /* SettingLoginView.swift */; };
		64B328202AAF6EFC00D64EFF /* SettingTermsView.swift in Sources */ = {isa = PBXBuildFile; fileRef = 64B3281F2AAF6EFC00D64EFF /* SettingTermsView.swift */; };
		64B328222AAF6F0D00D64EFF /* SettingUserView.swift in Sources */ = {isa = PBXBuildFile; fileRef = 64B328212AAF6F0D00D64EFF /* SettingUserView.swift */; };
		64B328242AAF6F1F00D64EFF /* SettingUserDetailView.swift in Sources */ = {isa = PBXBuildFile; fileRef = 64B328232AAF6F1F00D64EFF /* SettingUserDetailView.swift */; };
		64B328262AAF6F6400D64EFF /* SettingDevInfoView.swift in Sources */ = {isa = PBXBuildFile; fileRef = 64B328252AAF6F6400D64EFF /* SettingDevInfoView.swift */; };
		64B328282AAF6F7E00D64EFF /* SettingDevInfoDetailView.swift in Sources */ = {isa = PBXBuildFile; fileRef = 64B328272AAF6F7E00D64EFF /* SettingDevInfoDetailView.swift */; };
		64B3282A2AAF6FA700D64EFF /* SettingDevInformationView.swift in Sources */ = {isa = PBXBuildFile; fileRef = 64B328292AAF6FA700D64EFF /* SettingDevInformationView.swift */; };
		8B924DC02AAFE8E00042D790 /* SeminarDetailMapView.swift in Sources */ = {isa = PBXBuildFile; fileRef = 8B924DBF2AAFE8E00042D790 /* SeminarDetailMapView.swift */; };
		8B924DC22AAFE9B30042D790 /* Modifier.swift in Sources */ = {isa = PBXBuildFile; fileRef = 8B924DC12AAFE9B30042D790 /* Modifier.swift */; };
		99804C9D2AAFEAE30050F27F /* SeminarInfoView.swift in Sources */ = {isa = PBXBuildFile; fileRef = 99804C9C2AAFEAE30050F27F /* SeminarInfoView.swift */; };
		99D3FC042AB1409600D83835 /* GoogleService-Info.plist in Resources */ = {isa = PBXBuildFile; fileRef = 99D3FC032AB1409600D83835 /* GoogleService-Info.plist */; };
/* End PBXBuildFile section */

/* Begin PBXFileReference section */
		08C7AD382AAFF53D00B6C19E /* SeminarStore.swift */ = {isa = PBXFileReference; lastKnownFileType = sourcecode.swift; path = SeminarStore.swift; sourceTree = "<group>"; };
		09EA3D8C2AAFEAB70057F805 /* UserStore.swift */ = {isa = PBXFileReference; lastKnownFileType = sourcecode.swift; path = UserStore.swift; sourceTree = "<group>"; };
		632D2A6F2AAFFDF5003F2D1C /* NotificationSettingsView.swift */ = {isa = PBXFileReference; lastKnownFileType = sourcecode.swift; path = NotificationSettingsView.swift; sourceTree = "<group>"; };
		64B327A12AAF5CEE00D64EFF /* TicketLion_Consumer.app */ = {isa = PBXFileReference; explicitFileType = wrapper.application; includeInIndex = 0; path = TicketLion_Consumer.app; sourceTree = BUILT_PRODUCTS_DIR; };
		64B327A42AAF5CEE00D64EFF /* TicketLion_ConsumerApp.swift */ = {isa = PBXFileReference; lastKnownFileType = sourcecode.swift; path = TicketLion_ConsumerApp.swift; sourceTree = "<group>"; };
		64B327A62AAF5CEE00D64EFF /* MainTabView.swift */ = {isa = PBXFileReference; lastKnownFileType = sourcecode.swift; path = MainTabView.swift; sourceTree = "<group>"; };
		64B327A82AAF5CF000D64EFF /* Assets.xcassets */ = {isa = PBXFileReference; lastKnownFileType = folder.assetcatalog; path = Assets.xcassets; sourceTree = "<group>"; };
		64B327AB2AAF5CF000D64EFF /* Preview Assets.xcassets */ = {isa = PBXFileReference; lastKnownFileType = folder.assetcatalog; path = "Preview Assets.xcassets"; sourceTree = "<group>"; };
		64B327EA2AAF6B6B00D64EFF /* SeminarModel.swift */ = {isa = PBXFileReference; lastKnownFileType = sourcecode.swift; path = SeminarModel.swift; sourceTree = "<group>"; };
		64B327EC2AAF6B7E00D64EFF /* UserModel.swift */ = {isa = PBXFileReference; lastKnownFileType = sourcecode.swift; path = UserModel.swift; sourceTree = "<group>"; };
		64B327EE2AAF6BAF00D64EFF /* ResearchModel.swift */ = {isa = PBXFileReference; lastKnownFileType = sourcecode.swift; path = ResearchModel.swift; sourceTree = "<group>"; };
		64B327F02AAF6BC300D64EFF /* DevModel.swift */ = {isa = PBXFileReference; lastKnownFileType = sourcecode.swift; path = DevModel.swift; sourceTree = "<group>"; };
		64B327F22AAF6BDC00D64EFF /* DevStore.swift */ = {isa = PBXFileReference; lastKnownFileType = sourcecode.swift; path = DevStore.swift; sourceTree = "<group>"; };
		64B327F42AAF6C4A00D64EFF /* SeminarListView.swift */ = {isa = PBXFileReference; lastKnownFileType = sourcecode.swift; path = SeminarListView.swift; sourceTree = "<group>"; };
		64B327F62AAF6C8500D64EFF /* SeminarEnum.swift */ = {isa = PBXFileReference; lastKnownFileType = sourcecode.swift; path = SeminarEnum.swift; sourceTree = "<group>"; };
		64B327F82AAF6CA400D64EFF /* SeminarDetailView.swift */ = {isa = PBXFileReference; lastKnownFileType = sourcecode.swift; path = SeminarDetailView.swift; sourceTree = "<group>"; };
		64B327FA2AAF6CC900D64EFF /* SeminarAttendView.swift */ = {isa = PBXFileReference; lastKnownFileType = sourcecode.swift; path = SeminarAttendView.swift; sourceTree = "<group>"; };
		64B327FC2AAF6CE400D64EFF /* SeminarAttendPlusView.swift */ = {isa = PBXFileReference; lastKnownFileType = sourcecode.swift; path = SeminarAttendPlusView.swift; sourceTree = "<group>"; };
		64B328002AAF6D3C00D64EFF /* MySeminarView.swift */ = {isa = PBXFileReference; lastKnownFileType = sourcecode.swift; path = MySeminarView.swift; sourceTree = "<group>"; };
		64B328022AAF6D5800D64EFF /* MyReservationView.swift */ = {isa = PBXFileReference; lastKnownFileType = sourcecode.swift; path = MyReservationView.swift; sourceTree = "<group>"; };
		64B328042AAF6D7E00D64EFF /* MyFavoriteView.swift */ = {isa = PBXFileReference; lastKnownFileType = sourcecode.swift; path = MyFavoriteView.swift; sourceTree = "<group>"; };
		64B328062AAF6D9B00D64EFF /* MyTicketSheetView.swift */ = {isa = PBXFileReference; lastKnownFileType = sourcecode.swift; path = MyTicketSheetView.swift; sourceTree = "<group>"; };
		64B328082AAF6DB100D64EFF /* MyFilterBar.swift */ = {isa = PBXFileReference; lastKnownFileType = sourcecode.swift; path = MyFilterBar.swift; sourceTree = "<group>"; };
		64B3280A2AAF6DC900D64EFF /* MySeminarStore.swift */ = {isa = PBXFileReference; lastKnownFileType = sourcecode.swift; path = MySeminarStore.swift; sourceTree = "<group>"; };
		64B3280C2AAF6DE000D64EFF /* MyCategoryButton.swift */ = {isa = PBXFileReference; lastKnownFileType = sourcecode.swift; path = MyCategoryButton.swift; sourceTree = "<group>"; };
		64B3280F2AAF6E5300D64EFF /* SettingSignUpEmailView.swift */ = {isa = PBXFileReference; lastKnownFileType = sourcecode.swift; path = SettingSignUpEmailView.swift; sourceTree = "<group>"; };
		64B328112AAF6E6500D64EFF /* SettingSignUpPasswordView.swift */ = {isa = PBXFileReference; lastKnownFileType = sourcecode.swift; path = SettingSignUpPasswordView.swift; sourceTree = "<group>"; };
		64B328132AAF6E7400D64EFF /* SettingSignUpNameView.swift */ = {isa = PBXFileReference; lastKnownFileType = sourcecode.swift; path = SettingSignUpNameView.swift; sourceTree = "<group>"; };
		64B328152AAF6E9C00D64EFF /* SettingSignUpPhoneNumberView.swift */ = {isa = PBXFileReference; lastKnownFileType = sourcecode.swift; path = SettingSignUpPhoneNumberView.swift; sourceTree = "<group>"; };
		64B328172AAF6EB000D64EFF /* SettingSignUpBirthView.swift */ = {isa = PBXFileReference; lastKnownFileType = sourcecode.swift; path = SettingSignUpBirthView.swift; sourceTree = "<group>"; };
		64B328192AAF6EC000D64EFF /* SettingSignUpCompleteView.swift */ = {isa = PBXFileReference; lastKnownFileType = sourcecode.swift; path = SettingSignUpCompleteView.swift; sourceTree = "<group>"; };
		64B3281B2AAF6ED600D64EFF /* SettingView.swift */ = {isa = PBXFileReference; lastKnownFileType = sourcecode.swift; path = SettingView.swift; sourceTree = "<group>"; };
		64B3281D2AAF6EEC00D64EFF /* SettingLoginView.swift */ = {isa = PBXFileReference; lastKnownFileType = sourcecode.swift; path = SettingLoginView.swift; sourceTree = "<group>"; };
		64B3281F2AAF6EFC00D64EFF /* SettingTermsView.swift */ = {isa = PBXFileReference; lastKnownFileType = sourcecode.swift; path = SettingTermsView.swift; sourceTree = "<group>"; };
		64B328212AAF6F0D00D64EFF /* SettingUserView.swift */ = {isa = PBXFileReference; lastKnownFileType = sourcecode.swift; path = SettingUserView.swift; sourceTree = "<group>"; };
		64B328232AAF6F1F00D64EFF /* SettingUserDetailView.swift */ = {isa = PBXFileReference; lastKnownFileType = sourcecode.swift; path = SettingUserDetailView.swift; sourceTree = "<group>"; };
		64B328252AAF6F6400D64EFF /* SettingDevInfoView.swift */ = {isa = PBXFileReference; lastKnownFileType = sourcecode.swift; path = SettingDevInfoView.swift; sourceTree = "<group>"; };
		64B328272AAF6F7E00D64EFF /* SettingDevInfoDetailView.swift */ = {isa = PBXFileReference; lastKnownFileType = sourcecode.swift; path = SettingDevInfoDetailView.swift; sourceTree = "<group>"; };
		64B328292AAF6FA700D64EFF /* SettingDevInformationView.swift */ = {isa = PBXFileReference; lastKnownFileType = sourcecode.swift; path = SettingDevInformationView.swift; sourceTree = "<group>"; };
		8B924DBF2AAFE8E00042D790 /* SeminarDetailMapView.swift */ = {isa = PBXFileReference; lastKnownFileType = sourcecode.swift; path = SeminarDetailMapView.swift; sourceTree = "<group>"; };
		8B924DC12AAFE9B30042D790 /* Modifier.swift */ = {isa = PBXFileReference; lastKnownFileType = sourcecode.swift; path = Modifier.swift; sourceTree = "<group>"; };
		99804C9C2AAFEAE30050F27F /* SeminarInfoView.swift */ = {isa = PBXFileReference; lastKnownFileType = sourcecode.swift; path = SeminarInfoView.swift; sourceTree = "<group>"; };
		99D3FC032AB1409600D83835 /* GoogleService-Info.plist */ = {isa = PBXFileReference; fileEncoding = 4; lastKnownFileType = text.plist.xml; path = "GoogleService-Info.plist"; sourceTree = "<group>"; };
/* End PBXFileReference section */

/* Begin PBXFrameworksBuildPhase section */
		64B3279E2AAF5CEE00D64EFF /* Frameworks */ = {
			isa = PBXFrameworksBuildPhase;
			buildActionMask = 2147483647;
			files = (
				646BA2772AAFE3B600C1FC69 /* FirebaseDatabaseSwift in Frameworks */,
				646BA2752AAFE3B600C1FC69 /* FirebaseDatabase in Frameworks */,
				646BA2712AAFE3B600C1FC69 /* FirebaseAuth in Frameworks */,
				646BA27D2AAFE3B600C1FC69 /* FirebaseFirestoreSwift in Frameworks */,
				646BA2842AAFE47D00C1FC69 /* SimpleToast in Frameworks */,
				646BA27B2AAFE3B600C1FC69 /* FirebaseFirestoreCombine-Community in Frameworks */,
				646BA27F2AAFE3B600C1FC69 /* FirebaseStorage in Frameworks */,
				646BA2792AAFE3B600C1FC69 /* FirebaseFirestore in Frameworks */,
				646BA2812AAFE3B600C1FC69 /* FirebaseStorageCombine-Community in Frameworks */,
				646BA2732AAFE3B600C1FC69 /* FirebaseAuthCombine-Community in Frameworks */,
			);
			runOnlyForDeploymentPostprocessing = 0;
		};
/* End PBXFrameworksBuildPhase section */

/* Begin PBXGroup section */
		08C7AD3B2AAFF86800B6C19E /* SeminarModel */ = {
			isa = PBXGroup;
			children = (
				64B327F62AAF6C8500D64EFF /* SeminarEnum.swift */,
				08C7AD382AAFF53D00B6C19E /* SeminarStore.swift */,
			);
			path = SeminarModel;
			sourceTree = "<group>";
		};
		64B327982AAF5CEE00D64EFF = {
			isa = PBXGroup;
			children = (
				64B327A32AAF5CEE00D64EFF /* TicketLion_Consumer */,
				64B327A22AAF5CEE00D64EFF /* Products */,
			);
			sourceTree = "<group>";
		};
		64B327A22AAF5CEE00D64EFF /* Products */ = {
			isa = PBXGroup;
			children = (
				64B327A12AAF5CEE00D64EFF /* TicketLion_Consumer.app */,
			);
			name = Products;
			sourceTree = "<group>";
		};
		64B327A32AAF5CEE00D64EFF /* TicketLion_Consumer */ = {
			isa = PBXGroup;
			children = (
				99D3FC032AB1409600D83835 /* GoogleService-Info.plist */,
				64B327A42AAF5CEE00D64EFF /* TicketLion_ConsumerApp.swift */,
				64B327A62AAF5CEE00D64EFF /* MainTabView.swift */,
				64B327E62AAF69E600D64EFF /* Model */,
				64B327E72AAF69EE00D64EFF /* SeminarListView */,
				64B327E82AAF6B1E00D64EFF /* MySeminarView */,
				64B327E92AAF6B3000D64EFF /* SettingView */,
				64B327A82AAF5CF000D64EFF /* Assets.xcassets */,
				64B327AA2AAF5CF000D64EFF /* Preview Content */,
			);
			path = TicketLion_Consumer;
			sourceTree = "<group>";
		};
		64B327AA2AAF5CF000D64EFF /* Preview Content */ = {
			isa = PBXGroup;
			children = (
				64B327AB2AAF5CF000D64EFF /* Preview Assets.xcassets */,
			);
			path = "Preview Content";
			sourceTree = "<group>";
		};
		64B327E62AAF69E600D64EFF /* Model */ = {
			isa = PBXGroup;
			children = (
				64B327EA2AAF6B6B00D64EFF /* SeminarModel.swift */,
				64B327EC2AAF6B7E00D64EFF /* UserModel.swift */,
				09EA3D8C2AAFEAB70057F805 /* UserStore.swift */,
				64B327EE2AAF6BAF00D64EFF /* ResearchModel.swift */,
				64B327F02AAF6BC300D64EFF /* DevModel.swift */,
				64B327F22AAF6BDC00D64EFF /* DevStore.swift */,
				8B924DC12AAFE9B30042D790 /* Modifier.swift */,
			);
			path = Model;
			sourceTree = "<group>";
		};
		64B327E72AAF69EE00D64EFF /* SeminarListView */ = {
			isa = PBXGroup;
			children = (
				64B327F42AAF6C4A00D64EFF /* SeminarListView.swift */,
				64B327F82AAF6CA400D64EFF /* SeminarDetailView.swift */,
				99804C9C2AAFEAE30050F27F /* SeminarInfoView.swift */,
				8B924DBF2AAFE8E00042D790 /* SeminarDetailMapView.swift */,
				64B327FA2AAF6CC900D64EFF /* SeminarAttendView.swift */,
				64B327FC2AAF6CE400D64EFF /* SeminarAttendPlusView.swift */,
				08C7AD3B2AAFF86800B6C19E /* SeminarModel */,
			);
			path = SeminarListView;
			sourceTree = "<group>";
		};
		64B327E82AAF6B1E00D64EFF /* MySeminarView */ = {
			isa = PBXGroup;
			children = (
				64B327FE2AAF6D1C00D64EFF /* MyView */,
				64B327FF2AAF6D2500D64EFF /* myModel */,
			);
			path = MySeminarView;
			sourceTree = "<group>";
		};
		64B327E92AAF6B3000D64EFF /* SettingView */ = {
			isa = PBXGroup;
			children = (
				64B3280E2AAF6E3800D64EFF /* SettingSignUpViews */,
				64B3281B2AAF6ED600D64EFF /* SettingView.swift */,
				64B3281D2AAF6EEC00D64EFF /* SettingLoginView.swift */,
				64B3281F2AAF6EFC00D64EFF /* SettingTermsView.swift */,
				64B328212AAF6F0D00D64EFF /* SettingUserView.swift */,
				64B328232AAF6F1F00D64EFF /* SettingUserDetailView.swift */,
				64B328252AAF6F6400D64EFF /* SettingDevInfoView.swift */,
				64B328272AAF6F7E00D64EFF /* SettingDevInfoDetailView.swift */,
				64B328292AAF6FA700D64EFF /* SettingDevInformationView.swift */,
				632D2A6F2AAFFDF5003F2D1C /* NotificationSettingsView.swift */,
			);
			path = SettingView;
			sourceTree = "<group>";
		};
		64B327FE2AAF6D1C00D64EFF /* MyView */ = {
			isa = PBXGroup;
			children = (
				64B328002AAF6D3C00D64EFF /* MySeminarView.swift */,
				64B328022AAF6D5800D64EFF /* MyReservationView.swift */,
				64B328042AAF6D7E00D64EFF /* MyFavoriteView.swift */,
				64B328062AAF6D9B00D64EFF /* MyTicketSheetView.swift */,
			);
			path = MyView;
			sourceTree = "<group>";
		};
		64B327FF2AAF6D2500D64EFF /* myModel */ = {
			isa = PBXGroup;
			children = (
				64B328082AAF6DB100D64EFF /* MyFilterBar.swift */,
				64B3280A2AAF6DC900D64EFF /* MySeminarStore.swift */,
				64B3280C2AAF6DE000D64EFF /* MyCategoryButton.swift */,
			);
			path = myModel;
			sourceTree = "<group>";
		};
		64B3280E2AAF6E3800D64EFF /* SettingSignUpViews */ = {
			isa = PBXGroup;
			children = (
				64B3280F2AAF6E5300D64EFF /* SettingSignUpEmailView.swift */,
				64B328112AAF6E6500D64EFF /* SettingSignUpPasswordView.swift */,
				64B328132AAF6E7400D64EFF /* SettingSignUpNameView.swift */,
				64B328152AAF6E9C00D64EFF /* SettingSignUpPhoneNumberView.swift */,
				64B328172AAF6EB000D64EFF /* SettingSignUpBirthView.swift */,
				64B328192AAF6EC000D64EFF /* SettingSignUpCompleteView.swift */,
			);
			path = SettingSignUpViews;
			sourceTree = "<group>";
		};
/* End PBXGroup section */

/* Begin PBXNativeTarget section */
		64B327A02AAF5CEE00D64EFF /* TicketLion_Consumer */ = {
			isa = PBXNativeTarget;
			buildConfigurationList = 64B327AF2AAF5CF000D64EFF /* Build configuration list for PBXNativeTarget "TicketLion_Consumer" */;
			buildPhases = (
				64B3279D2AAF5CEE00D64EFF /* Sources */,
				64B3279E2AAF5CEE00D64EFF /* Frameworks */,
				64B3279F2AAF5CEE00D64EFF /* Resources */,
			);
			buildRules = (
			);
			dependencies = (
			);
			name = TicketLion_Consumer;
			packageProductDependencies = (
				646BA2702AAFE3B600C1FC69 /* FirebaseAuth */,
				646BA2722AAFE3B600C1FC69 /* FirebaseAuthCombine-Community */,
				646BA2742AAFE3B600C1FC69 /* FirebaseDatabase */,
				646BA2762AAFE3B600C1FC69 /* FirebaseDatabaseSwift */,
				646BA2782AAFE3B600C1FC69 /* FirebaseFirestore */,
				646BA27A2AAFE3B600C1FC69 /* FirebaseFirestoreCombine-Community */,
				646BA27C2AAFE3B600C1FC69 /* FirebaseFirestoreSwift */,
				646BA27E2AAFE3B600C1FC69 /* FirebaseStorage */,
				646BA2802AAFE3B600C1FC69 /* FirebaseStorageCombine-Community */,
				646BA2832AAFE47D00C1FC69 /* SimpleToast */,
			);
			productName = TicketLion_Consumer;
			productReference = 64B327A12AAF5CEE00D64EFF /* TicketLion_Consumer.app */;
			productType = "com.apple.product-type.application";
		};
/* End PBXNativeTarget section */

/* Begin PBXProject section */
		64B327992AAF5CEE00D64EFF /* Project object */ = {
			isa = PBXProject;
			attributes = {
				BuildIndependentTargetsInParallel = 1;
				LastSwiftUpdateCheck = 1430;
				LastUpgradeCheck = 1430;
				TargetAttributes = {
					64B327A02AAF5CEE00D64EFF = {
						CreatedOnToolsVersion = 14.3.1;
					};
				};
			};
			buildConfigurationList = 64B3279C2AAF5CEE00D64EFF /* Build configuration list for PBXProject "TicketLion_Consumer" */;
			compatibilityVersion = "Xcode 14.0";
			developmentRegion = en;
			hasScannedForEncodings = 0;
			knownRegions = (
				en,
				Base,
			);
			mainGroup = 64B327982AAF5CEE00D64EFF;
			packageReferences = (
				646BA26F2AAFE3B600C1FC69 /* XCRemoteSwiftPackageReference "firebase-ios-sdk" */,
				646BA2822AAFE47D00C1FC69 /* XCRemoteSwiftPackageReference "SimpleToast" */,
			);
			productRefGroup = 64B327A22AAF5CEE00D64EFF /* Products */;
			projectDirPath = "";
			projectRoot = "";
			targets = (
				64B327A02AAF5CEE00D64EFF /* TicketLion_Consumer */,
			);
		};
/* End PBXProject section */

/* Begin PBXResourcesBuildPhase section */
		64B3279F2AAF5CEE00D64EFF /* Resources */ = {
			isa = PBXResourcesBuildPhase;
			buildActionMask = 2147483647;
			files = (
				64B327AC2AAF5CF000D64EFF /* Preview Assets.xcassets in Resources */,
				64B327A92AAF5CF000D64EFF /* Assets.xcassets in Resources */,
				99D3FC042AB1409600D83835 /* GoogleService-Info.plist in Resources */,
			);
			runOnlyForDeploymentPostprocessing = 0;
		};
/* End PBXResourcesBuildPhase section */

/* Begin PBXSourcesBuildPhase section */
		64B3279D2AAF5CEE00D64EFF /* Sources */ = {
			isa = PBXSourcesBuildPhase;
			buildActionMask = 2147483647;
			files = (
				99804C9D2AAFEAE30050F27F /* SeminarInfoView.swift in Sources */,
				64B328072AAF6D9B00D64EFF /* MyTicketSheetView.swift in Sources */,
				64B328202AAF6EFC00D64EFF /* SettingTermsView.swift in Sources */,
				64B327EF2AAF6BAF00D64EFF /* ResearchModel.swift in Sources */,
				64B328122AAF6E6500D64EFF /* SettingSignUpPasswordView.swift in Sources */,
				64B327F92AAF6CA400D64EFF /* SeminarDetailView.swift in Sources */,
				64B327EB2AAF6B6B00D64EFF /* SeminarModel.swift in Sources */,
				64B3281E2AAF6EEC00D64EFF /* SettingLoginView.swift in Sources */,
				64B327F72AAF6C8500D64EFF /* SeminarEnum.swift in Sources */,
				64B327FD2AAF6CE400D64EFF /* SeminarAttendPlusView.swift in Sources */,
				64B328102AAF6E5300D64EFF /* SettingSignUpEmailView.swift in Sources */,
				64B328032AAF6D5800D64EFF /* MyReservationView.swift in Sources */,
				64B328242AAF6F1F00D64EFF /* SettingUserDetailView.swift in Sources */,
				64B327A72AAF5CEE00D64EFF /* MainTabView.swift in Sources */,
				64B328012AAF6D3C00D64EFF /* MySeminarView.swift in Sources */,
				64B327F12AAF6BC300D64EFF /* DevModel.swift in Sources */,
				64B328222AAF6F0D00D64EFF /* SettingUserView.swift in Sources */,
				64B328282AAF6F7E00D64EFF /* SettingDevInfoDetailView.swift in Sources */,
				64B328162AAF6E9C00D64EFF /* SettingSignUpPhoneNumberView.swift in Sources */,
				8B924DC02AAFE8E00042D790 /* SeminarDetailMapView.swift in Sources */,
				64B3281A2AAF6EC000D64EFF /* SettingSignUpCompleteView.swift in Sources */,
				64B328262AAF6F6400D64EFF /* SettingDevInfoView.swift in Sources */,
				64B327ED2AAF6B7E00D64EFF /* UserModel.swift in Sources */,
				64B327A52AAF5CEE00D64EFF /* TicketLion_ConsumerApp.swift in Sources */,
				64B328182AAF6EB000D64EFF /* SettingSignUpBirthView.swift in Sources */,
				632D2A702AAFFDF5003F2D1C /* NotificationSettingsView.swift in Sources */,
				64B328142AAF6E7400D64EFF /* SettingSignUpNameView.swift in Sources */,
				64B327F52AAF6C4A00D64EFF /* SeminarListView.swift in Sources */,
				64B3280D2AAF6DE000D64EFF /* MyCategoryButton.swift in Sources */,
				64B327F32AAF6BDC00D64EFF /* DevStore.swift in Sources */,
				08C7AD392AAFF53D00B6C19E /* SeminarStore.swift in Sources */,
				64B3281C2AAF6ED600D64EFF /* SettingView.swift in Sources */,
				64B328092AAF6DB100D64EFF /* MyFilterBar.swift in Sources */,
				64B328052AAF6D7E00D64EFF /* MyFavoriteView.swift in Sources */,
				09EA3D8D2AAFEAB70057F805 /* UserStore.swift in Sources */,
				64B327FB2AAF6CC900D64EFF /* SeminarAttendView.swift in Sources */,
				64B3282A2AAF6FA700D64EFF /* SettingDevInformationView.swift in Sources */,
				64B3280B2AAF6DC900D64EFF /* MySeminarStore.swift in Sources */,
				8B924DC22AAFE9B30042D790 /* Modifier.swift in Sources */,
			);
			runOnlyForDeploymentPostprocessing = 0;
		};
/* End PBXSourcesBuildPhase section */

/* Begin XCBuildConfiguration section */
		64B327AD2AAF5CF000D64EFF /* Debug */ = {
			isa = XCBuildConfiguration;
			buildSettings = {
				ALWAYS_SEARCH_USER_PATHS = NO;
				CLANG_ANALYZER_NONNULL = YES;
				CLANG_ANALYZER_NUMBER_OBJECT_CONVERSION = YES_AGGRESSIVE;
				CLANG_CXX_LANGUAGE_STANDARD = "gnu++20";
				CLANG_ENABLE_MODULES = YES;
				CLANG_ENABLE_OBJC_ARC = YES;
				CLANG_ENABLE_OBJC_WEAK = YES;
				CLANG_WARN_BLOCK_CAPTURE_AUTORELEASING = YES;
				CLANG_WARN_BOOL_CONVERSION = YES;
				CLANG_WARN_COMMA = YES;
				CLANG_WARN_CONSTANT_CONVERSION = YES;
				CLANG_WARN_DEPRECATED_OBJC_IMPLEMENTATIONS = YES;
				CLANG_WARN_DIRECT_OBJC_ISA_USAGE = YES_ERROR;
				CLANG_WARN_DOCUMENTATION_COMMENTS = YES;
				CLANG_WARN_EMPTY_BODY = YES;
				CLANG_WARN_ENUM_CONVERSION = YES;
				CLANG_WARN_INFINITE_RECURSION = YES;
				CLANG_WARN_INT_CONVERSION = YES;
				CLANG_WARN_NON_LITERAL_NULL_CONVERSION = YES;
				CLANG_WARN_OBJC_IMPLICIT_RETAIN_SELF = YES;
				CLANG_WARN_OBJC_LITERAL_CONVERSION = YES;
				CLANG_WARN_OBJC_ROOT_CLASS = YES_ERROR;
				CLANG_WARN_QUOTED_INCLUDE_IN_FRAMEWORK_HEADER = YES;
				CLANG_WARN_RANGE_LOOP_ANALYSIS = YES;
				CLANG_WARN_STRICT_PROTOTYPES = YES;
				CLANG_WARN_SUSPICIOUS_MOVE = YES;
				CLANG_WARN_UNGUARDED_AVAILABILITY = YES_AGGRESSIVE;
				CLANG_WARN_UNREACHABLE_CODE = YES;
				CLANG_WARN__DUPLICATE_METHOD_MATCH = YES;
				COPY_PHASE_STRIP = NO;
				DEBUG_INFORMATION_FORMAT = dwarf;
				ENABLE_STRICT_OBJC_MSGSEND = YES;
				ENABLE_TESTABILITY = YES;
				GCC_C_LANGUAGE_STANDARD = gnu11;
				GCC_DYNAMIC_NO_PIC = NO;
				GCC_NO_COMMON_BLOCKS = YES;
				GCC_OPTIMIZATION_LEVEL = 0;
				GCC_PREPROCESSOR_DEFINITIONS = (
					"DEBUG=1",
					"$(inherited)",
				);
				GCC_WARN_64_TO_32_BIT_CONVERSION = YES;
				GCC_WARN_ABOUT_RETURN_TYPE = YES_ERROR;
				GCC_WARN_UNDECLARED_SELECTOR = YES;
				GCC_WARN_UNINITIALIZED_AUTOS = YES_AGGRESSIVE;
				GCC_WARN_UNUSED_FUNCTION = YES;
				GCC_WARN_UNUSED_VARIABLE = YES;
				IPHONEOS_DEPLOYMENT_TARGET = 16.4;
				MTL_ENABLE_DEBUG_INFO = INCLUDE_SOURCE;
				MTL_FAST_MATH = YES;
				ONLY_ACTIVE_ARCH = YES;
				SDKROOT = iphoneos;
				SWIFT_ACTIVE_COMPILATION_CONDITIONS = DEBUG;
				SWIFT_OPTIMIZATION_LEVEL = "-Onone";
			};
			name = Debug;
		};
		64B327AE2AAF5CF000D64EFF /* Release */ = {
			isa = XCBuildConfiguration;
			buildSettings = {
				ALWAYS_SEARCH_USER_PATHS = NO;
				CLANG_ANALYZER_NONNULL = YES;
				CLANG_ANALYZER_NUMBER_OBJECT_CONVERSION = YES_AGGRESSIVE;
				CLANG_CXX_LANGUAGE_STANDARD = "gnu++20";
				CLANG_ENABLE_MODULES = YES;
				CLANG_ENABLE_OBJC_ARC = YES;
				CLANG_ENABLE_OBJC_WEAK = YES;
				CLANG_WARN_BLOCK_CAPTURE_AUTORELEASING = YES;
				CLANG_WARN_BOOL_CONVERSION = YES;
				CLANG_WARN_COMMA = YES;
				CLANG_WARN_CONSTANT_CONVERSION = YES;
				CLANG_WARN_DEPRECATED_OBJC_IMPLEMENTATIONS = YES;
				CLANG_WARN_DIRECT_OBJC_ISA_USAGE = YES_ERROR;
				CLANG_WARN_DOCUMENTATION_COMMENTS = YES;
				CLANG_WARN_EMPTY_BODY = YES;
				CLANG_WARN_ENUM_CONVERSION = YES;
				CLANG_WARN_INFINITE_RECURSION = YES;
				CLANG_WARN_INT_CONVERSION = YES;
				CLANG_WARN_NON_LITERAL_NULL_CONVERSION = YES;
				CLANG_WARN_OBJC_IMPLICIT_RETAIN_SELF = YES;
				CLANG_WARN_OBJC_LITERAL_CONVERSION = YES;
				CLANG_WARN_OBJC_ROOT_CLASS = YES_ERROR;
				CLANG_WARN_QUOTED_INCLUDE_IN_FRAMEWORK_HEADER = YES;
				CLANG_WARN_RANGE_LOOP_ANALYSIS = YES;
				CLANG_WARN_STRICT_PROTOTYPES = YES;
				CLANG_WARN_SUSPICIOUS_MOVE = YES;
				CLANG_WARN_UNGUARDED_AVAILABILITY = YES_AGGRESSIVE;
				CLANG_WARN_UNREACHABLE_CODE = YES;
				CLANG_WARN__DUPLICATE_METHOD_MATCH = YES;
				COPY_PHASE_STRIP = NO;
				DEBUG_INFORMATION_FORMAT = "dwarf-with-dsym";
				ENABLE_NS_ASSERTIONS = NO;
				ENABLE_STRICT_OBJC_MSGSEND = YES;
				GCC_C_LANGUAGE_STANDARD = gnu11;
				GCC_NO_COMMON_BLOCKS = YES;
				GCC_WARN_64_TO_32_BIT_CONVERSION = YES;
				GCC_WARN_ABOUT_RETURN_TYPE = YES_ERROR;
				GCC_WARN_UNDECLARED_SELECTOR = YES;
				GCC_WARN_UNINITIALIZED_AUTOS = YES_AGGRESSIVE;
				GCC_WARN_UNUSED_FUNCTION = YES;
				GCC_WARN_UNUSED_VARIABLE = YES;
				IPHONEOS_DEPLOYMENT_TARGET = 16.4;
				MTL_ENABLE_DEBUG_INFO = NO;
				MTL_FAST_MATH = YES;
				SDKROOT = iphoneos;
				SWIFT_COMPILATION_MODE = wholemodule;
				SWIFT_OPTIMIZATION_LEVEL = "-O";
				VALIDATE_PRODUCT = YES;
			};
			name = Release;
		};
		64B327B02AAF5CF000D64EFF /* Debug */ = {
			isa = XCBuildConfiguration;
			buildSettings = {
				ASSETCATALOG_COMPILER_APPICON_NAME = AppIcon;
				ASSETCATALOG_COMPILER_GLOBAL_ACCENT_COLOR_NAME = AccentColor;
				CODE_SIGN_STYLE = Automatic;
				CURRENT_PROJECT_VERSION = 1;
				DEVELOPMENT_ASSET_PATHS = "\"TicketLion_Consumer/Preview Content\"";
				ENABLE_PREVIEWS = YES;
				GENERATE_INFOPLIST_FILE = YES;
				INFOPLIST_KEY_UIApplicationSceneManifest_Generation = YES;
				INFOPLIST_KEY_UIApplicationSupportsIndirectInputEvents = YES;
				INFOPLIST_KEY_UILaunchScreen_Generation = YES;
				INFOPLIST_KEY_UISupportedInterfaceOrientations_iPad = "UIInterfaceOrientationPortrait UIInterfaceOrientationPortraitUpsideDown UIInterfaceOrientationLandscapeLeft UIInterfaceOrientationLandscapeRight";
				INFOPLIST_KEY_UISupportedInterfaceOrientations_iPhone = "UIInterfaceOrientationPortrait UIInterfaceOrientationLandscapeLeft UIInterfaceOrientationLandscapeRight";
				IPHONEOS_DEPLOYMENT_TARGET = 16.2;
				LD_RUNPATH_SEARCH_PATHS = (
					"$(inherited)",
					"@executable_path/Frameworks",
				);
				MARKETING_VERSION = 1.0;
				PRODUCT_BUNDLE_IDENTIFIER = "Chan.TicketLion-Consumer";
				PRODUCT_NAME = "$(TARGET_NAME)";
				SUPPORTED_PLATFORMS = "iphoneos iphonesimulator";
				SUPPORTS_MACCATALYST = NO;
				SUPPORTS_MAC_DESIGNED_FOR_IPHONE_IPAD = NO;
				SWIFT_EMIT_LOC_STRINGS = YES;
				SWIFT_VERSION = 5.0;
				TARGETED_DEVICE_FAMILY = 1;
			};
			name = Debug;
		};
		64B327B12AAF5CF000D64EFF /* Release */ = {
			isa = XCBuildConfiguration;
			buildSettings = {
				ASSETCATALOG_COMPILER_APPICON_NAME = AppIcon;
				ASSETCATALOG_COMPILER_GLOBAL_ACCENT_COLOR_NAME = AccentColor;
				CODE_SIGN_STYLE = Automatic;
				CURRENT_PROJECT_VERSION = 1;
				DEVELOPMENT_ASSET_PATHS = "\"TicketLion_Consumer/Preview Content\"";
				ENABLE_PREVIEWS = YES;
				GENERATE_INFOPLIST_FILE = YES;
				INFOPLIST_KEY_UIApplicationSceneManifest_Generation = YES;
				INFOPLIST_KEY_UIApplicationSupportsIndirectInputEvents = YES;
				INFOPLIST_KEY_UILaunchScreen_Generation = YES;
				INFOPLIST_KEY_UISupportedInterfaceOrientations_iPad = "UIInterfaceOrientationPortrait UIInterfaceOrientationPortraitUpsideDown UIInterfaceOrientationLandscapeLeft UIInterfaceOrientationLandscapeRight";
				INFOPLIST_KEY_UISupportedInterfaceOrientations_iPhone = "UIInterfaceOrientationPortrait UIInterfaceOrientationLandscapeLeft UIInterfaceOrientationLandscapeRight";
				IPHONEOS_DEPLOYMENT_TARGET = 16.2;
				LD_RUNPATH_SEARCH_PATHS = (
					"$(inherited)",
					"@executable_path/Frameworks",
				);
				MARKETING_VERSION = 1.0;
				PRODUCT_BUNDLE_IDENTIFIER = "Chan.TicketLion-Consumer";
				PRODUCT_NAME = "$(TARGET_NAME)";
				SUPPORTED_PLATFORMS = "iphoneos iphonesimulator";
				SUPPORTS_MACCATALYST = NO;
				SUPPORTS_MAC_DESIGNED_FOR_IPHONE_IPAD = NO;
				SWIFT_EMIT_LOC_STRINGS = YES;
				SWIFT_VERSION = 5.0;
				TARGETED_DEVICE_FAMILY = 1;
			};
			name = Release;
		};
/* End XCBuildConfiguration section */

/* Begin XCConfigurationList section */
		64B3279C2AAF5CEE00D64EFF /* Build configuration list for PBXProject "TicketLion_Consumer" */ = {
			isa = XCConfigurationList;
			buildConfigurations = (
				64B327AD2AAF5CF000D64EFF /* Debug */,
				64B327AE2AAF5CF000D64EFF /* Release */,
			);
			defaultConfigurationIsVisible = 0;
			defaultConfigurationName = Release;
		};
		64B327AF2AAF5CF000D64EFF /* Build configuration list for PBXNativeTarget "TicketLion_Consumer" */ = {
			isa = XCConfigurationList;
			buildConfigurations = (
				64B327B02AAF5CF000D64EFF /* Debug */,
				64B327B12AAF5CF000D64EFF /* Release */,
			);
			defaultConfigurationIsVisible = 0;
			defaultConfigurationName = Release;
		};
/* End XCConfigurationList section */

/* Begin XCRemoteSwiftPackageReference section */
		646BA26F2AAFE3B600C1FC69 /* XCRemoteSwiftPackageReference "firebase-ios-sdk" */ = {
			isa = XCRemoteSwiftPackageReference;
			repositoryURL = "https://github.com/firebase/firebase-ios-sdk";
			requirement = {
				kind = upToNextMajorVersion;
				minimumVersion = 10.0.0;
			};
		};
		646BA2822AAFE47D00C1FC69 /* XCRemoteSwiftPackageReference "SimpleToast" */ = {
			isa = XCRemoteSwiftPackageReference;
			repositoryURL = "https://github.com/sanzaru/SimpleToast";
			requirement = {
				kind = upToNextMajorVersion;
				minimumVersion = 0.8.0;
			};
		};
/* End XCRemoteSwiftPackageReference section */

/* Begin XCSwiftPackageProductDependency section */
		646BA2702AAFE3B600C1FC69 /* FirebaseAuth */ = {
			isa = XCSwiftPackageProductDependency;
			package = 646BA26F2AAFE3B600C1FC69 /* XCRemoteSwiftPackageReference "firebase-ios-sdk" */;
			productName = FirebaseAuth;
		};
		646BA2722AAFE3B600C1FC69 /* FirebaseAuthCombine-Community */ = {
			isa = XCSwiftPackageProductDependency;
			package = 646BA26F2AAFE3B600C1FC69 /* XCRemoteSwiftPackageReference "firebase-ios-sdk" */;
			productName = "FirebaseAuthCombine-Community";
		};
		646BA2742AAFE3B600C1FC69 /* FirebaseDatabase */ = {
			isa = XCSwiftPackageProductDependency;
			package = 646BA26F2AAFE3B600C1FC69 /* XCRemoteSwiftPackageReference "firebase-ios-sdk" */;
			productName = FirebaseDatabase;
		};
		646BA2762AAFE3B600C1FC69 /* FirebaseDatabaseSwift */ = {
			isa = XCSwiftPackageProductDependency;
			package = 646BA26F2AAFE3B600C1FC69 /* XCRemoteSwiftPackageReference "firebase-ios-sdk" */;
			productName = FirebaseDatabaseSwift;
		};
		646BA2782AAFE3B600C1FC69 /* FirebaseFirestore */ = {
			isa = XCSwiftPackageProductDependency;
			package = 646BA26F2AAFE3B600C1FC69 /* XCRemoteSwiftPackageReference "firebase-ios-sdk" */;
			productName = FirebaseFirestore;
		};
		646BA27A2AAFE3B600C1FC69 /* FirebaseFirestoreCombine-Community */ = {
			isa = XCSwiftPackageProductDependency;
			package = 646BA26F2AAFE3B600C1FC69 /* XCRemoteSwiftPackageReference "firebase-ios-sdk" */;
			productName = "FirebaseFirestoreCombine-Community";
		};
		646BA27C2AAFE3B600C1FC69 /* FirebaseFirestoreSwift */ = {
			isa = XCSwiftPackageProductDependency;
			package = 646BA26F2AAFE3B600C1FC69 /* XCRemoteSwiftPackageReference "firebase-ios-sdk" */;
			productName = FirebaseFirestoreSwift;
		};
		646BA27E2AAFE3B600C1FC69 /* FirebaseStorage */ = {
			isa = XCSwiftPackageProductDependency;
			package = 646BA26F2AAFE3B600C1FC69 /* XCRemoteSwiftPackageReference "firebase-ios-sdk" */;
			productName = FirebaseStorage;
		};
		646BA2802AAFE3B600C1FC69 /* FirebaseStorageCombine-Community */ = {
			isa = XCSwiftPackageProductDependency;
			package = 646BA26F2AAFE3B600C1FC69 /* XCRemoteSwiftPackageReference "firebase-ios-sdk" */;
			productName = "FirebaseStorageCombine-Community";
		};
		646BA2832AAFE47D00C1FC69 /* SimpleToast */ = {
			isa = XCSwiftPackageProductDependency;
			package = 646BA2822AAFE47D00C1FC69 /* XCRemoteSwiftPackageReference "SimpleToast" */;
			productName = SimpleToast;
		};
/* End XCSwiftPackageProductDependency section */
	};
	rootObject = 64B327992AAF5CEE00D64EFF /* Project object */;
}
